<?xml version="1.0" encoding="utf-8"?>
<Project ToolsVersion="4.0" xmlns="http://schemas.microsoft.com/developer/msbuild/2003">
  <ItemGroup>
    <Filter Include="Vega">
      <UniqueIdentifier>{68F38D7C-542A-8F0D-FD16-7510E92C0B0F}</UniqueIdentifier>
    </Filter>
  </ItemGroup>
  <ItemGroup>
    <ClInclude Include="source\Vega.h" />
    <ClInclude Include="source\Vega\Application.h">
      <Filter>Vega</Filter>
    </ClInclude>
    <ClInclude Include="source\Vega\Core.h">
      <Filter>Vega</Filter>
    </ClInclude>
    <ClInclude Include="source\Vega\EntryPoint.h">
      <Filter>Vega</Filter>
    </ClInclude>
    <ClInclude Include="source\Vega\Log.h">
      <Filter>Vega</Filter>
    </ClInclude>
  </ItemGroup>
  <ItemGroup>
    <ClCompile Include="source\Vega\Application.cpp">
      <Filter>Vega</Filter>
    </ClCompile>
    <ClCompile Include="source\Vega\Log.cpp">
      <Filter>Vega</Filter>
    </ClCompile>
  </ItemGroup>
</Project>